
Microsoft Visual Studio Solution File, Format Version 12.00
# Visual Studio Version 17
VisualStudioVersion = 17.3.32922.545
MinimumVisualStudioVersion = 10.0.40219.1
Project("{9A19103F-16F7-4668-BE54-9A1E7A4F7556}") = "ST_Testwork", "ST_Testwork.csproj", "{8E110238-1BFB-471F-9DAC-1DAAB83F32F0}"
EndProject
Global
	GlobalSection(SolutionConfigurationPlatforms) = preSolution
		Debug|Any CPU = Debug|Any CPU
		Release|Any CPU = Release|Any CPU
	EndGlobalSection
	GlobalSection(ProjectConfigurationPlatforms) = postSolution
		{8E110238-1BFB-471F-9DAC-1DAAB83F32F0}.Debug|Any CPU.ActiveCfg = Debug|Any CPU
		{8E110238-1BFB-471F-9DAC-1DAAB83F32F0}.Debug|Any CPU.Build.0 = Debug|Any CPU
		{8E110238-1BFB-471F-9DAC-1DAAB83F32F0}.Release|Any CPU.ActiveCfg = Release|Any CPU
		{8E110238-1BFB-471F-9DAC-1DAAB83F32F0}.Release|Any CPU.Build.0 = Release|Any CPU
	EndGlobalSection
	GlobalSection(SolutionProperties) = preSolution
		HideSolutionNode = FALSE
	EndGlobalSection
	GlobalSection(ExtensibilityGlobals) = postSolution
		SolutionGuid = {3442DF35-CED1-406F-8224-2874F1BC25C2}
	EndGlobalSection
EndGlobal
